// !$*UTF8*$!
{
	archiveVersion = 1;
	classes = {
	};
	objectVersion = 56;
	objects = {

/* Begin PBXBuildFile section */
		6DF212F42943EB8B00FF98E2 /* CarlRouteApp.swift in Sources */ = {isa = PBXBuildFile; fileRef = 6DF212F32943EB8B00FF98E2 /* CarlRouteApp.swift */; };
		6DF212F62943EB8B00FF98E2 /* ContentView.swift in Sources */ = {isa = PBXBuildFile; fileRef = 6DF212F52943EB8B00FF98E2 /* ContentView.swift */; };
		6DF212F82943EB8D00FF98E2 /* Assets.xcassets in Resources */ = {isa = PBXBuildFile; fileRef = 6DF212F72943EB8D00FF98E2 /* Assets.xcassets */; };
		6DF212FC2943EB8D00FF98E2 /* Preview Assets.xcassets in Resources */ = {isa = PBXBuildFile; fileRef = 6DF212FB2943EB8D00FF98E2 /* Preview Assets.xcassets */; };
		6DF213062943EB8D00FF98E2 /* CarlRouteTests.swift in Sources */ = {isa = PBXBuildFile; fileRef = 6DF213052943EB8D00FF98E2 /* CarlRouteTests.swift */; };
		6DF213102943EB8D00FF98E2 /* CarlRouteUITests.swift in Sources */ = {isa = PBXBuildFile; fileRef = 6DF2130F2943EB8D00FF98E2 /* CarlRouteUITests.swift */; };
		6DF213122943EB8D00FF98E2 /* CarlRouteUITestsLaunchTests.swift in Sources */ = {isa = PBXBuildFile; fileRef = 6DF213112943EB8D00FF98E2 /* CarlRouteUITestsLaunchTests.swift */; };
/* End PBXBuildFile section */

/* Begin PBXContainerItemProxy section */
		6DF213022943EB8D00FF98E2 /* PBXContainerItemProxy */ = {
			isa = PBXContainerItemProxy;
			containerPortal = 6DF212E82943EB8B00FF98E2 /* Project object */;
			proxyType = 1;
			remoteGlobalIDString = 6DF212EF2943EB8B00FF98E2;
			remoteInfo = CarlRoute;
		};
		6DF2130C2943EB8D00FF98E2 /* PBXContainerItemProxy */ = {
			isa = PBXContainerItemProxy;
			containerPortal = 6DF212E82943EB8B00FF98E2 /* Project object */;
			proxyType = 1;
			remoteGlobalIDString = 6DF212EF2943EB8B00FF98E2;
			remoteInfo = CarlRoute;
		};
/* End PBXContainerItemProxy section */

/* Begin PBXFileReference section */
		6DF212F02943EB8B00FF98E2 /* CarlRoute.app */ = {isa = PBXFileReference; explicitFileType = wrapper.application; includeInIndex = 0; path = CarlRoute.app; sourceTree = BUILT_PRODUCTS_DIR; };
		6DF212F32943EB8B00FF98E2 /* CarlRouteApp.swift */ = {isa = PBXFileReference; lastKnownFileType = sourcecode.swift; path = CarlRouteApp.swift; sourceTree = "<group>"; };
		6DF212F52943EB8B00FF98E2 /* ContentView.swift */ = {isa = PBXFileReference; lastKnownFileType = sourcecode.swift; path = ContentView.swift; sourceTree = "<group>"; };
		6DF212F72943EB8D00FF98E2 /* Assets.xcassets */ = {isa = PBXFileReference; lastKnownFileType = folder.assetcatalog; path = Assets.xcassets; sourceTree = "<group>"; };
		6DF212F92943EB8D00FF98E2 /* CarlRoute.entitlements */ = {isa = PBXFileReference; lastKnownFileType = text.plist.entitlements; path = CarlRoute.entitlements; sourceTree = "<group>"; };
		6DF212FB2943EB8D00FF98E2 /* Preview Assets.xcassets */ = {isa = PBXFileReference; lastKnownFileType = folder.assetcatalog; path = "Preview Assets.xcassets"; sourceTree = "<group>"; };
		6DF213012943EB8D00FF98E2 /* CarlRouteTests.xctest */ = {isa = PBXFileReference; explicitFileType = wrapper.cfbundle; includeInIndex = 0; path = CarlRouteTests.xctest; sourceTree = BUILT_PRODUCTS_DIR; };
		6DF213052943EB8D00FF98E2 /* CarlRouteTests.swift */ = {isa = PBXFileReference; lastKnownFileType = sourcecode.swift; path = CarlRouteTests.swift; sourceTree = "<group>"; };
		6DF2130B2943EB8D00FF98E2 /* CarlRouteUITests.xctest */ = {isa = PBXFileReference; explicitFileType = wrapper.cfbundle; includeInIndex = 0; path = CarlRouteUITests.xctest; sourceTree = BUILT_PRODUCTS_DIR; };
		6DF2130F2943EB8D00FF98E2 /* CarlRouteUITests.swift */ = {isa = PBXFileReference; lastKnownFileType = sourcecode.swift; path = CarlRouteUITests.swift; sourceTree = "<group>"; };
		6DF213112943EB8D00FF98E2 /* CarlRouteUITestsLaunchTests.swift */ = {isa = PBXFileReference; lastKnownFileType = sourcecode.swift; path = CarlRouteUITestsLaunchTests.swift; sourceTree = "<group>"; };
/* End PBXFileReference section */

/* Begin PBXFrameworksBuildPhase section */
		6DF212ED2943EB8B00FF98E2 /* Frameworks */ = {
			isa = PBXFrameworksBuildPhase;
			buildActionMask = 2147483647;
			files = (
			);
			runOnlyForDeploymentPostprocessing = 0;
		};
		6DF212FE2943EB8D00FF98E2 /* Frameworks */ = {
			isa = PBXFrameworksBuildPhase;
			buildActionMask = 2147483647;
			files = (
			);
			runOnlyForDeploymentPostprocessing = 0;
		};
		6DF213082943EB8D00FF98E2 /* Frameworks */ = {
			isa = PBXFrameworksBuildPhase;
			buildActionMask = 2147483647;
			files = (
			);
			runOnlyForDeploymentPostprocessing = 0;
		};
/* End PBXFrameworksBuildPhase section */

/* Begin PBXGroup section */
		6DF212E72943EB8B00FF98E2 = {
			isa = PBXGroup;
			children = (
				6DF212F22943EB8B00FF98E2 /* CarlRoute */,
				6DF213042943EB8D00FF98E2 /* CarlRouteTests */,
				6DF2130E2943EB8D00FF98E2 /* CarlRouteUITests */,
				6DF212F12943EB8B00FF98E2 /* Products */,
			);
			sourceTree = "<group>";
		};
		6DF212F12943EB8B00FF98E2 /* Products */ = {
			isa = PBXGroup;
			children = (
				6DF212F02943EB8B00FF98E2 /* CarlRoute.app */,
				6DF213012943EB8D00FF98E2 /* CarlRouteTests.xctest */,
				6DF2130B2943EB8D00FF98E2 /* CarlRouteUITests.xctest */,
			);
			name = Products;
			sourceTree = "<group>";
		};
		6DF212F22943EB8B00FF98E2 /* CarlRoute */ = {
			isa = PBXGroup;
			children = (
				6DF212F32943EB8B00FF98E2 /* CarlRouteApp.swift */,
				6DF212F52943EB8B00FF98E2 /* ContentView.swift */,
				6DF212F72943EB8D00FF98E2 /* Assets.xcassets */,
				6DF212F92943EB8D00FF98E2 /* CarlRoute.entitlements */,
				6DF212FA2943EB8D00FF98E2 /* Preview Content */,
			);
			path = CarlRoute;
			sourceTree = "<group>";
		};
		6DF212FA2943EB8D00FF98E2 /* Preview Content */ = {
			isa = PBXGroup;
			children = (
				6DF212FB2943EB8D00FF98E2 /* Preview Assets.xcassets */,
			);
			path = "Preview Content";
			sourceTree = "<group>";
		};
		6DF213042943EB8D00FF98E2 /* CarlRouteTests */ = {
			isa = PBXGroup;
			children = (
				6DF213052943EB8D00FF98E2 /* CarlRouteTests.swift */,
			);
			path = CarlRouteTests;
			sourceTree = "<group>";
		};
		6DF2130E2943EB8D00FF98E2 /* CarlRouteUITests */ = {
			isa = PBXGroup;
			children = (
				6DF2130F2943EB8D00FF98E2 /* CarlRouteUITests.swift */,
				6DF213112943EB8D00FF98E2 /* CarlRouteUITestsLaunchTests.swift */,
			);
			path = CarlRouteUITests;
			sourceTree = "<group>";
		};
/* End PBXGroup section */

/* Begin PBXNativeTarget section */
		6DF212EF2943EB8B00FF98E2 /* CarlRoute */ = {
			isa = PBXNativeTarget;
			buildConfigurationList = 6DF213152943EB8D00FF98E2 /* Build configuration list for PBXNativeTarget "CarlRoute" */;
			buildPhases = (
				6DF212EC2943EB8B00FF98E2 /* Sources */,
				6DF212ED2943EB8B00FF98E2 /* Frameworks */,
				6DF212EE2943EB8B00FF98E2 /* Resources */,
			);
			buildRules = (
			);
			dependencies = (
			);
			name = CarlRoute;
			productName = CarlRoute;
			productReference = 6DF212F02943EB8B00FF98E2 /* CarlRoute.app */;
			productType = "com.apple.product-type.application";
		};
		6DF213002943EB8D00FF98E2 /* CarlRouteTests */ = {
			isa = PBXNativeTarget;
			buildConfigurationList = 6DF213182943EB8D00FF98E2 /* Build configuration list for PBXNativeTarget "CarlRouteTests" */;
			buildPhases = (
				6DF212FD2943EB8D00FF98E2 /* Sources */,
				6DF212FE2943EB8D00FF98E2 /* Frameworks */,
				6DF212FF2943EB8D00FF98E2 /* Resources */,
			);
			buildRules = (
			);
			dependencies = (
				6DF213032943EB8D00FF98E2 /* PBXTargetDependency */,
			);
			name = CarlRouteTests;
			productName = CarlRouteTests;
			productReference = 6DF213012943EB8D00FF98E2 /* CarlRouteTests.xctest */;
			productType = "com.apple.product-type.bundle.unit-test";
		};
		6DF2130A2943EB8D00FF98E2 /* CarlRouteUITests */ = {
			isa = PBXNativeTarget;
			buildConfigurationList = 6DF2131B2943EB8D00FF98E2 /* Build configuration list for PBXNativeTarget "CarlRouteUITests" */;
			buildPhases = (
				6DF213072943EB8D00FF98E2 /* Sources */,
				6DF213082943EB8D00FF98E2 /* Frameworks */,
				6DF213092943EB8D00FF98E2 /* Resources */,
			);
			buildRules = (
			);
			dependencies = (
				6DF2130D2943EB8D00FF98E2 /* PBXTargetDependency */,
			);
			name = CarlRouteUITests;
			productName = CarlRouteUITests;
			productReference = 6DF2130B2943EB8D00FF98E2 /* CarlRouteUITests.xctest */;
			productType = "com.apple.product-type.bundle.ui-testing";
		};
/* End PBXNativeTarget section */

/* Begin PBXProject section */
		6DF212E82943EB8B00FF98E2 /* Project object */ = {
			isa = PBXProject;
			attributes = {
				BuildIndependentTargetsInParallel = 1;
				LastSwiftUpdateCheck = 1410;
				LastUpgradeCheck = 1410;
				TargetAttributes = {
					6DF212EF2943EB8B00FF98E2 = {
						CreatedOnToolsVersion = 14.1;
					};
					6DF213002943EB8D00FF98E2 = {
						CreatedOnToolsVersion = 14.1;
						TestTargetID = 6DF212EF2943EB8B00FF98E2;
					};
					6DF2130A2943EB8D00FF98E2 = {
						CreatedOnToolsVersion = 14.1;
						TestTargetID = 6DF212EF2943EB8B00FF98E2;
					};
				};
			};
			buildConfigurationList = 6DF212EB2943EB8B00FF98E2 /* Build configuration list for PBXProject "CarlRoute" */;
			compatibilityVersion = "Xcode 14.0";
			developmentRegion = en;
			hasScannedForEncodings = 0;
			knownRegions = (
				en,
				Base,
			);
			mainGroup = 6DF212E72943EB8B00FF98E2;
			productRefGroup = 6DF212F12943EB8B00FF98E2 /* Products */;
			projectDirPath = "";
			projectRoot = "";
			targets = (
				6DF212EF2943EB8B00FF98E2 /* CarlRoute */,
				6DF213002943EB8D00FF98E2 /* CarlRouteTests */,
				6DF2130A2943EB8D00FF98E2 /* CarlRouteUITests */,
			);
		};
/* End PBXProject section */

/* Begin PBXResourcesBuildPhase section */
		6DF212EE2943EB8B00FF98E2 /* Resources */ = {
			isa = PBXResourcesBuildPhase;
			buildActionMask = 2147483647;
			files = (
				6DF212FC2943EB8D00FF98E2 /* Preview Assets.xcassets in Resources */,
				6DF212F82943EB8D00FF98E2 /* Assets.xcassets in Resources */,
			);
			runOnlyForDeploymentPostprocessing = 0;
		};
		6DF212FF2943EB8D00FF98E2 /* Resources */ = {
			isa = PBXResourcesBuildPhase;
			buildActionMask = 2147483647;
			files = (
			);
			runOnlyForDeploymentPostprocessing = 0;
		};
		6DF213092943EB8D00FF98E2 /* Resources */ = {
			isa = PBXResourcesBuildPhase;
			buildActionMask = 2147483647;
			files = (
			);
			runOnlyForDeploymentPostprocessing = 0;
		};
/* End PBXResourcesBuildPhase section */

/* Begin PBXSourcesBuildPhase section */
		6DF212EC2943EB8B00FF98E2 /* Sources */ = {
			isa = PBXSourcesBuildPhase;
			buildActionMask = 2147483647;
			files = (
				6DF212F62943EB8B00FF98E2 /* ContentView.swift in Sources */,
				6DF212F42943EB8B00FF98E2 /* CarlRouteApp.swift in Sources */,
			);
			runOnlyForDeploymentPostprocessing = 0;
		};
		6DF212FD2943EB8D00FF98E2 /* Sources */ = {
			isa = PBXSourcesBuildPhase;
			buildActionMask = 2147483647;
			files = (
				6DF213062943EB8D00FF98E2 /* CarlRouteTests.swift in Sources */,
			);
			runOnlyForDeploymentPostprocessing = 0;
		};
		6DF213072943EB8D00FF98E2 /* Sources */ = {
			isa = PBXSourcesBuildPhase;
			buildActionMask = 2147483647;
			files = (
				6DF213122943EB8D00FF98E2 /* CarlRouteUITestsLaunchTests.swift in Sources */,
				6DF213102943EB8D00FF98E2 /* CarlRouteUITests.swift in Sources */,
			);
			runOnlyForDeploymentPostprocessing = 0;
		};
/* End PBXSourcesBuildPhase section */

/* Begin PBXTargetDependency section */
		6DF213032943EB8D00FF98E2 /* PBXTargetDependency */ = {
			isa = PBXTargetDependency;
			target = 6DF212EF2943EB8B00FF98E2 /* CarlRoute */;
			targetProxy = 6DF213022943EB8D00FF98E2 /* PBXContainerItemProxy */;
		};
		6DF2130D2943EB8D00FF98E2 /* PBXTargetDependency */ = {
			isa = PBXTargetDependency;
			target = 6DF212EF2943EB8B00FF98E2 /* CarlRoute */;
			targetProxy = 6DF2130C2943EB8D00FF98E2 /* PBXContainerItemProxy */;
		};
/* End PBXTargetDependency section */

/* Begin XCBuildConfiguration section */
		6DF213132943EB8D00FF98E2 /* Debug */ = {
			isa = XCBuildConfiguration;
			buildSettings = {
				ALWAYS_SEARCH_USER_PATHS = NO;
				CLANG_ANALYZER_NONNULL = YES;
				CLANG_ANALYZER_NUMBER_OBJECT_CONVERSION = YES_AGGRESSIVE;
				CLANG_CXX_LANGUAGE_STANDARD = "gnu++20";
				CLANG_ENABLE_MODULES = YES;
				CLANG_ENABLE_OBJC_ARC = YES;
				CLANG_ENABLE_OBJC_WEAK = YES;
				CLANG_WARN_BLOCK_CAPTURE_AUTORELEASING = YES;
				CLANG_WARN_BOOL_CONVERSION = YES;
				CLANG_WARN_COMMA = YES;
				CLANG_WARN_CONSTANT_CONVERSION = YES;
				CLANG_WARN_DEPRECATED_OBJC_IMPLEMENTATIONS = YES;
				CLANG_WARN_DIRECT_OBJC_ISA_USAGE = YES_ERROR;
				CLANG_WARN_DOCUMENTATION_COMMENTS = YES;
				CLANG_WARN_EMPTY_BODY = YES;
				CLANG_WARN_ENUM_CONVERSION = YES;
				CLANG_WARN_INFINITE_RECURSION = YES;
				CLANG_WARN_INT_CONVERSION = YES;
				CLANG_WARN_NON_LITERAL_NULL_CONVERSION = YES;
				CLANG_WARN_OBJC_IMPLICIT_RETAIN_SELF = YES;
				CLANG_WARN_OBJC_LITERAL_CONVERSION = YES;
				CLANG_WARN_OBJC_ROOT_CLASS = YES_ERROR;
				CLANG_WARN_QUOTED_INCLUDE_IN_FRAMEWORK_HEADER = YES;
				CLANG_WARN_RANGE_LOOP_ANALYSIS = YES;
				CLANG_WARN_STRICT_PROTOTYPES = YES;
				CLANG_WARN_SUSPICIOUS_MOVE = YES;
				CLANG_WARN_UNGUARDED_AVAILABILITY = YES_AGGRESSIVE;
				CLANG_WARN_UNREACHABLE_CODE = YES;
				CLANG_WARN__DUPLICATE_METHOD_MATCH = YES;
				COPY_PHASE_STRIP = NO;
				DEBUG_INFORMATION_FORMAT = dwarf;
				ENABLE_STRICT_OBJC_MSGSEND = YES;
				ENABLE_TESTABILITY = YES;
				GCC_C_LANGUAGE_STANDARD = gnu11;
				GCC_DYNAMIC_NO_PIC = NO;
				GCC_NO_COMMON_BLOCKS = YES;
				GCC_OPTIMIZATION_LEVEL = 0;
				GCC_PREPROCESSOR_DEFINITIONS = (
					"DEBUG=1",
					"$(inherited)",
				);
				GCC_WARN_64_TO_32_BIT_CONVERSION = YES;
				GCC_WARN_ABOUT_RETURN_TYPE = YES_ERROR;
				GCC_WARN_UNDECLARED_SELECTOR = YES;
				GCC_WARN_UNINITIALIZED_AUTOS = YES_AGGRESSIVE;
				GCC_WARN_UNUSED_FUNCTION = YES;
				GCC_WARN_UNUSED_VARIABLE = YES;
				MTL_ENABLE_DEBUG_INFO = INCLUDE_SOURCE;
				MTL_FAST_MATH = YES;
				ONLY_ACTIVE_ARCH = YES;
				SWIFT_ACTIVE_COMPILATION_CONDITIONS = DEBUG;
				SWIFT_OPTIMIZATION_LEVEL = "-Onone";
			};
			name = Debug;
		};
		6DF213142943EB8D00FF98E2 /* Release */ = {
			isa = XCBuildConfiguration;
			buildSettings = {
				ALWAYS_SEARCH_USER_PATHS = NO;
				CLANG_ANALYZER_NONNULL = YES;
				CLANG_ANALYZER_NUMBER_OBJECT_CONVERSION = YES_AGGRESSIVE;
				CLANG_CXX_LANGUAGE_STANDARD = "gnu++20";
				CLANG_ENABLE_MODULES = YES;
				CLANG_ENABLE_OBJC_ARC = YES;
				CLANG_ENABLE_OBJC_WEAK = YES;
				CLANG_WARN_BLOCK_CAPTURE_AUTORELEASING = YES;
				CLANG_WARN_BOOL_CONVERSION = YES;
				CLANG_WARN_COMMA = YES;
				CLANG_WARN_CONSTANT_CONVERSION = YES;
				CLANG_WARN_DEPRECATED_OBJC_IMPLEMENTATIONS = YES;
				CLANG_WARN_DIRECT_OBJC_ISA_USAGE = YES_ERROR;
				CLANG_WARN_DOCUMENTATION_COMMENTS = YES;
				CLANG_WARN_EMPTY_BODY = YES;
				CLANG_WARN_ENUM_CONVERSION = YES;
				CLANG_WARN_INFINITE_RECURSION = YES;
				CLANG_WARN_INT_CONVERSION = YES;
				CLANG_WARN_NON_LITERAL_NULL_CONVERSION = YES;
				CLANG_WARN_OBJC_IMPLICIT_RETAIN_SELF = YES;
				CLANG_WARN_OBJC_LITERAL_CONVERSION = YES;
				CLANG_WARN_OBJC_ROOT_CLASS = YES_ERROR;
				CLANG_WARN_QUOTED_INCLUDE_IN_FRAMEWORK_HEADER = YES;
				CLANG_WARN_RANGE_LOOP_ANALYSIS = YES;
				CLANG_WARN_STRICT_PROTOTYPES = YES;
				CLANG_WARN_SUSPICIOUS_MOVE = YES;
				CLANG_WARN_UNGUARDED_AVAILABILITY = YES_AGGRESSIVE;
				CLANG_WARN_UNREACHABLE_CODE = YES;
				CLANG_WARN__DUPLICATE_METHOD_MATCH = YES;
				COPY_PHASE_STRIP = NO;
				DEBUG_INFORMATION_FORMAT = "dwarf-with-dsym";
				ENABLE_NS_ASSERTIONS = NO;
				ENABLE_STRICT_OBJC_MSGSEND = YES;
				GCC_C_LANGUAGE_STANDARD = gnu11;
				GCC_NO_COMMON_BLOCKS = YES;
				GCC_WARN_64_TO_32_BIT_CONVERSION = YES;
				GCC_WARN_ABOUT_RETURN_TYPE = YES_ERROR;
				GCC_WARN_UNDECLARED_SELECTOR = YES;
				GCC_WARN_UNINITIALIZED_AUTOS = YES_AGGRESSIVE;
				GCC_WARN_UNUSED_FUNCTION = YES;
				GCC_WARN_UNUSED_VARIABLE = YES;
				MTL_ENABLE_DEBUG_INFO = NO;
				MTL_FAST_MATH = YES;
				SWIFT_COMPILATION_MODE = wholemodule;
				SWIFT_OPTIMIZATION_LEVEL = "-O";
			};
			name = Release;
		};
		6DF213162943EB8D00FF98E2 /* Debug */ = {
			isa = XCBuildConfiguration;
			buildSettings = {
				ASSETCATALOG_COMPILER_APPICON_NAME = AppIcon;
				ASSETCATALOG_COMPILER_GLOBAL_ACCENT_COLOR_NAME = AccentColor;
				CODE_SIGN_ENTITLEMENTS = CarlRoute/CarlRoute.entitlements;
				CODE_SIGN_STYLE = Automatic;
				CURRENT_PROJECT_VERSION = 1;
				DEVELOPMENT_ASSET_PATHS = "\"CarlRoute/Preview Content\"";
				DEVELOPMENT_TEAM = TH7VWQ9SD8;
				ENABLE_HARDENED_RUNTIME = YES;
				ENABLE_PREVIEWS = YES;
				GENERATE_INFOPLIST_FILE = YES;
				"INFOPLIST_KEY_UIApplicationSceneManifest_Generation[sdk=iphoneos*]" = YES;
				"INFOPLIST_KEY_UIApplicationSceneManifest_Generation[sdk=iphonesimulator*]" = YES;
				"INFOPLIST_KEY_UIApplicationSupportsIndirectInputEvents[sdk=iphoneos*]" = YES;
				"INFOPLIST_KEY_UIApplicationSupportsIndirectInputEvents[sdk=iphonesimulator*]" = YES;
				"INFOPLIST_KEY_UILaunchScreen_Generation[sdk=iphoneos*]" = YES;
				"INFOPLIST_KEY_UILaunchScreen_Generation[sdk=iphonesimulator*]" = YES;
				"INFOPLIST_KEY_UIStatusBarStyle[sdk=iphoneos*]" = UIStatusBarStyleDefault;
				"INFOPLIST_KEY_UIStatusBarStyle[sdk=iphonesimulator*]" = UIStatusBarStyleDefault;
				INFOPLIST_KEY_UISupportedInterfaceOrientations_iPad = "UIInterfaceOrientationPortrait UIInterfaceOrientationPortraitUpsideDown UIInterfaceOrientationLandscapeLeft UIInterfaceOrientationLandscapeRight";
				INFOPLIST_KEY_UISupportedInterfaceOrientations_iPhone = "UIInterfaceOrientationPortrait UIInterfaceOrientationLandscapeLeft UIInterfaceOrientationLandscapeRight";
				IPHONEOS_DEPLOYMENT_TARGET = 16.1;
				LD_RUNPATH_SEARCH_PATHS = "@executable_path/Frameworks";
				"LD_RUNPATH_SEARCH_PATHS[sdk=macosx*]" = "@executable_path/../Frameworks";
				MACOSX_DEPLOYMENT_TARGET = 12.5;
				MARKETING_VERSION = 1.0;
				PRODUCT_BUNDLE_IDENTIFIER = com.externship.CarlRoute;
				PRODUCT_NAME = "$(TARGET_NAME)";
				SDKROOT = auto;
				SUPPORTED_PLATFORMS = "iphoneos iphonesimulator macosx";
				SWIFT_EMIT_LOC_STRINGS = YES;
				SWIFT_VERSION = 5.0;
				TARGETED_DEVICE_FAMILY = "1,2";
			};
			name = Debug;
		};
		6DF213172943EB8D00FF98E2 /* Release */ = {
			isa = XCBuildConfiguration;
			buildSettings = {
				ASSETCATALOG_COMPILER_APPICON_NAME = AppIcon;
				ASSETCATALOG_COMPILER_GLOBAL_ACCENT_COLOR_NAME = AccentColor;
				CODE_SIGN_ENTITLEMENTS = CarlRoute/CarlRoute.entitlements;
				CODE_SIGN_STYLE = Automatic;
				CURRENT_PROJECT_VERSION = 1;
				DEVELOPMENT_ASSET_PATHS = "\"CarlRoute/Preview Content\"";
				DEVELOPMENT_TEAM = TH7VWQ9SD8;
				ENABLE_HARDENED_RUNTIME = YES;
				ENABLE_PREVIEWS = YES;
				GENERATE_INFOPLIST_FILE = YES;
				"INFOPLIST_KEY_UIApplicationSceneManifest_Generation[sdk=iphoneos*]" = YES;
				"INFOPLIST_KEY_UIApplicationSceneManifest_Generation[sdk=iphonesimulator*]" = YES;
				"INFOPLIST_KEY_UIApplicationSupportsIndirectInputEvents[sdk=iphoneos*]" = YES;
				"INFOPLIST_KEY_UIApplicationSupportsIndirectInputEvents[sdk=iphonesimulator*]" = YES;
				"INFOPLIST_KEY_UILaunchScreen_Generation[sdk=iphoneos*]" = YES;
				"INFOPLIST_KEY_UILaunchScreen_Generation[sdk=iphonesimulator*]" = YES;
				"INFOPLIST_KEY_UIStatusBarStyle[sdk=iphoneos*]" = UIStatusBarStyleDefault;
				"INFOPLIST_KEY_UIStatusBarStyle[sdk=iphonesimulator*]" = UIStatusBarStyleDefault;
				INFOPLIST_KEY_UISupportedInterfaceOrientations_iPad = "UIInterfaceOrientationPortrait UIInterfaceOrientationPortraitUpsideDown UIInterfaceOrientationLandscapeLeft UIInterfaceOrientationLandscapeRight";
				INFOPLIST_KEY_UISupportedInterfaceOrientations_iPhone = "UIInterfaceOrientationPortrait UIInterfaceOrientationLandscapeLeft UIInterfaceOrientationLandscapeRight";
				IPHONEOS_DEPLOYMENT_TARGET = 16.1;
				LD_RUNPATH_SEARCH_PATHS = "@executable_path/Frameworks";
				"LD_RUNPATH_SEARCH_PATHS[sdk=macosx*]" = "@executable_path/../Frameworks";
				MACOSX_DEPLOYMENT_TARGET = 12.5;
				MARKETING_VERSION = 1.0;
				PRODUCT_BUNDLE_IDENTIFIER = com.externship.CarlRoute;
				PRODUCT_NAME = "$(TARGET_NAME)";
				SDKROOT = auto;
				SUPPORTED_PLATFORMS = "iphoneos iphonesimulator macosx";
				SWIFT_EMIT_LOC_STRINGS = YES;
				SWIFT_VERSION = 5.0;
				TARGETED_DEVICE_FAMILY = "1,2";
			};
			name = Release;
		};
		6DF213192943EB8D00FF98E2 /* Debug */ = {
			isa = XCBuildConfiguration;
			buildSettings = {
				ALWAYS_EMBED_SWIFT_STANDARD_LIBRARIES = YES;
				BUNDLE_LOADER = "$(TEST_HOST)";
				CODE_SIGN_STYLE = Automatic;
				CURRENT_PROJECT_VERSION = 1;
				DEVELOPMENT_TEAM = TH7VWQ9SD8;
				GENERATE_INFOPLIST_FILE = YES;
				IPHONEOS_DEPLOYMENT_TARGET = 16.1;
				MACOSX_DEPLOYMENT_TARGET = 12.5;
				MARKETING_VERSION = 1.0;
				PRODUCT_BUNDLE_IDENTIFIER = com.externship.CarlRouteTests;
				PRODUCT_NAME = "$(TARGET_NAME)";
				SDKROOT = auto;
				SUPPORTED_PLATFORMS = "iphoneos iphonesimulator macosx";
				SWIFT_EMIT_LOC_STRINGS = NO;
				SWIFT_VERSION = 5.0;
				TARGETED_DEVICE_FAMILY = "1,2";
				TEST_HOST = "$(BUILT_PRODUCTS_DIR)/CarlRoute.app/$(BUNDLE_EXECUTABLE_FOLDER_PATH)/CarlRoute";
			};
			name = Debug;
		};
		6DF2131A2943EB8D00FF98E2 /* Release */ = {
			isa = XCBuildConfiguration;
			buildSettings = {
				ALWAYS_EMBED_SWIFT_STANDARD_LIBRARIES = YES;
				BUNDLE_LOADER = "$(TEST_HOST)";
				CODE_SIGN_STYLE = Automatic;
				CURRENT_PROJECT_VERSION = 1;
				DEVELOPMENT_TEAM = TH7VWQ9SD8;
				GENERATE_INFOPLIST_FILE = YES;
				IPHONEOS_DEPLOYMENT_TARGET = 16.1;
				MACOSX_DEPLOYMENT_TARGET = 12.5;
				MARKETING_VERSION = 1.0;
				PRODUCT_BUNDLE_IDENTIFIER = com.externship.CarlRouteTests;
				PRODUCT_NAME = "$(TARGET_NAME)";
				SDKROOT = auto;
				SUPPORTED_PLATFORMS = "iphoneos iphonesimulator macosx";
				SWIFT_EMIT_LOC_STRINGS = NO;
				SWIFT_VERSION = 5.0;
				TARGETED_DEVICE_FAMILY = "1,2";
				TEST_HOST = "$(BUILT_PRODUCTS_DIR)/CarlRoute.app/$(BUNDLE_EXECUTABLE_FOLDER_PATH)/CarlRoute";
			};
			name = Release;
		};
		6DF2131C2943EB8D00FF98E2 /* Debug */ = {
			isa = XCBuildConfiguration;
			buildSettings = {
				ALWAYS_EMBED_SWIFT_STANDARD_LIBRARIES = YES;
				CODE_SIGN_STYLE = Automatic;
				CURRENT_PROJECT_VERSION = 1;
				DEVELOPMENT_TEAM = TH7VWQ9SD8;
				GENERATE_INFOPLIST_FILE = YES;
				IPHONEOS_DEPLOYMENT_TARGET = 16.1;
				MACOSX_DEPLOYMENT_TARGET = 12.5;
				MARKETING_VERSION = 1.0;
				PRODUCT_BUNDLE_IDENTIFIER = com.externship.CarlRouteUITests;
				PRODUCT_NAME = "$(TARGET_NAME)";
				SDKROOT = auto;
				SUPPORTED_PLATFORMS = "iphoneos iphonesimulator macosx";
				SWIFT_EMIT_LOC_STRINGS = NO;
				SWIFT_VERSION = 5.0;
				TARGETED_DEVICE_FAMILY = "1,2";
				TEST_TARGET_NAME = CarlRoute;
			};
			name = Debug;
		};
		6DF2131D2943EB8D00FF98E2 /* Release */ = {
			isa = XCBuildConfiguration;
			buildSettings = {
				ALWAYS_EMBED_SWIFT_STANDARD_LIBRARIES = YES;
				CODE_SIGN_STYLE = Automatic;
				CURRENT_PROJECT_VERSION = 1;
				DEVELOPMENT_TEAM = TH7VWQ9SD8;
				GENERATE_INFOPLIST_FILE = YES;
				IPHONEOS_DEPLOYMENT_TARGET = 16.1;
				MACOSX_DEPLOYMENT_TARGET = 12.5;
				MARKETING_VERSION = 1.0;
				PRODUCT_BUNDLE_IDENTIFIER = com.externship.CarlRouteUITests;
				PRODUCT_NAME = "$(TARGET_NAME)";
				SDKROOT = auto;
				SUPPORTED_PLATFORMS = "iphoneos iphonesimulator macosx";
				SWIFT_EMIT_LOC_STRINGS = NO;
				SWIFT_VERSION = 5.0;
				TARGETED_DEVICE_FAMILY = "1,2";
				TEST_TARGET_NAME = CarlRoute;
			};
			name = Release;
		};
/* End XCBuildConfiguration section */

/* Begin XCConfigurationList section */
		6DF212EB2943EB8B00FF98E2 /* Build configuration list for PBXProject "CarlRoute" */ = {
			isa = XCConfigurationList;
			buildConfigurations = (
				6DF213132943EB8D00FF98E2 /* Debug */,
				6DF213142943EB8D00FF98E2 /* Release */,
			);
			defaultConfigurationIsVisible = 0;
			defaultConfigurationName = Release;
		};
		6DF213152943EB8D00FF98E2 /* Build configuration list for PBXNativeTarget "CarlRoute" */ = {
			isa = XCConfigurationList;
			buildConfigurations = (
				6DF213162943EB8D00FF98E2 /* Debug */,
				6DF213172943EB8D00FF98E2 /* Release */,
			);
			defaultConfigurationIsVisible = 0;
			defaultConfigurationName = Release;
		};
		6DF213182943EB8D00FF98E2 /* Build configuration list for PBXNativeTarget "CarlRouteTests" */ = {
			isa = XCConfigurationList;
			buildConfigurations = (
				6DF213192943EB8D00FF98E2 /* Debug */,
				6DF2131A2943EB8D00FF98E2 /* Release */,
			);
			defaultConfigurationIsVisible = 0;
			defaultConfigurationName = Release;
		};
		6DF2131B2943EB8D00FF98E2 /* Build configuration list for PBXNativeTarget "CarlRouteUITests" */ = {
			isa = XCConfigurationList;
			buildConfigurations = (
				6DF2131C2943EB8D00FF98E2 /* Debug */,
				6DF2131D2943EB8D00FF98E2 /* Release */,
			);
			defaultConfigurationIsVisible = 0;
			defaultConfigurationName = Release;
		};
/* End XCConfigurationList section */
	};
	rootObject = 6DF212E82943EB8B00FF98E2 /* Project object */;
}
